
Microsoft Visual Studio Solution File, Format Version 12.00
# Visual Studio Version 17
VisualStudioVersion = 17.6.33829.357
MinimumVisualStudioVersion = 10.0.40219.1
Project("{9A19103F-16F7-4668-BE54-9A1E7A4F7556}") = "CRMCore.Web", "CRMCore\CRMCore.Web.csproj", "{691E0186-E0D6-4601-97A8-067966FE51E7}"
EndProject
Project("{FAE04EC0-301F-11D3-BF4B-00C04F79EFBC}") = "CRMCore.EntityFrameWorkCore", "CRMCore.EntityFrameWorkCore\CRMCore.EntityFrameWorkCore.csproj", "{ED4DBED2-C81A-4C57-95AF-963D300A79CD}"
EndProject
Project("{FAE04EC0-301F-11D3-BF4B-00C04F79EFBC}") = "CRMCore.Application", "CRMCore.Application\CRMCore.Application.csproj", "{FD838857-F99D-4454-AA57-54B0170FF5A8}"
EndProject
Global
	GlobalSection(SolutionConfigurationPlatforms) = preSolution
		Debug|Any CPU = Debug|Any CPU
		Release|Any CPU = Release|Any CPU
	EndGlobalSection
	GlobalSection(ProjectConfigurationPlatforms) = postSolution
		{691E0186-E0D6-4601-97A8-067966FE51E7}.Debug|Any CPU.ActiveCfg = Debug|Any CPU
		{691E0186-E0D6-4601-97A8-067966FE51E7}.Debug|Any CPU.Build.0 = Debug|Any CPU
		{691E0186-E0D6-4601-97A8-067966FE51E7}.Release|Any CPU.ActiveCfg = Release|Any CPU
		{691E0186-E0D6-4601-97A8-067966FE51E7}.Release|Any CPU.Build.0 = Release|Any CPU
		{ED4DBED2-C81A-4C57-95AF-963D300A79CD}.Debug|Any CPU.ActiveCfg = Debug|Any CPU
		{ED4DBED2-C81A-4C57-95AF-963D300A79CD}.Debug|Any CPU.Build.0 = Debug|Any CPU
		{ED4DBED2-C81A-4C57-95AF-963D300A79CD}.Release|Any CPU.ActiveCfg = Release|Any CPU
		{ED4DBED2-C81A-4C57-95AF-963D300A79CD}.Release|Any CPU.Build.0 = Release|Any CPU
		{FD838857-F99D-4454-AA57-54B0170FF5A8}.Debug|Any CPU.ActiveCfg = Debug|Any CPU
		{FD838857-F99D-4454-AA57-54B0170FF5A8}.Debug|Any CPU.Build.0 = Debug|Any CPU
		{FD838857-F99D-4454-AA57-54B0170FF5A8}.Release|Any CPU.ActiveCfg = Release|Any CPU
		{FD838857-F99D-4454-AA57-54B0170FF5A8}.Release|Any CPU.Build.0 = Release|Any CPU
	EndGlobalSection
	GlobalSection(SolutionProperties) = preSolution
		HideSolutionNode = FALSE
	EndGlobalSection
	GlobalSection(ExtensibilityGlobals) = postSolution
		SolutionGuid = {B3D1270C-86FB-484D-915C-6BFA3D92724B}
	EndGlobalSection
EndGlobal
